
Microsoft Visual Studio Solution File, Format Version 12.00
# Visual Studio Version 17
VisualStudioVersion = 17.7.33808.371
MinimumVisualStudioVersion = 10.0.40219.1
Project("{FAE04EC0-301F-11D3-BF4B-00C04F79EFBC}") = "BookAPI", "BookAPI\BookAPI.csproj", "{351CE49E-70E9-4FD1-A455-D14BA2F773BE}"
EndProject
Global
	GlobalSection(SolutionConfigurationPlatforms) = preSolution
		Debug|Any CPU = Debug|Any CPU
		Release|Any CPU = Release|Any CPU
	EndGlobalSection
	GlobalSection(ProjectConfigurationPlatforms) = postSolution
		{351CE49E-70E9-4FD1-A455-D14BA2F773BE}.Debug|Any CPU.ActiveCfg = Debug|Any CPU
		{351CE49E-70E9-4FD1-A455-D14BA2F773BE}.Debug|Any CPU.Build.0 = Debug|Any CPU
		{351CE49E-70E9-4FD1-A455-D14BA2F773BE}.Release|Any CPU.ActiveCfg = Release|Any CPU
		{351CE49E-70E9-4FD1-A455-D14BA2F773BE}.Release|Any CPU.Build.0 = Release|Any CPU
	EndGlobalSection
	GlobalSection(SolutionProperties) = preSolution
		HideSolutionNode = FALSE
	EndGlobalSection
	GlobalSection(ExtensibilityGlobals) = postSolution
		SolutionGuid = {2CDCA803-98E4-4791-9979-AAB3C3D2EEF0}
	EndGlobalSection
EndGlobal
